
Microsoft Visual Studio Solution File, Format Version 12.00
# Visual Studio Version 16
VisualStudioVersion = 16.0.29424.173
MinimumVisualStudioVersion = 10.0.40219.1
Project("{FAE04EC0-301F-11D3-BF4B-00C04F79EFBC}") = "ProductListAPI", "ProductListAPI\ProductListAPI.csproj", "{12B6DD58-3A99-4DDE-9013-3720DEC683F4}"
EndProject
Global
	GlobalSection(SolutionConfigurationPlatforms) = preSolution
		Debug|Any CPU = Debug|Any CPU
		Release|Any CPU = Release|Any CPU
	EndGlobalSection
	GlobalSection(ProjectConfigurationPlatforms) = postSolution
		{12B6DD58-3A99-4DDE-9013-3720DEC683F4}.Debug|Any CPU.ActiveCfg = Debug|Any CPU
		{12B6DD58-3A99-4DDE-9013-3720DEC683F4}.Debug|Any CPU.Build.0 = Debug|Any CPU
		{12B6DD58-3A99-4DDE-9013-3720DEC683F4}.Release|Any CPU.ActiveCfg = Release|Any CPU
		{12B6DD58-3A99-4DDE-9013-3720DEC683F4}.Release|Any CPU.Build.0 = Release|Any CPU
	EndGlobalSection
	GlobalSection(SolutionProperties) = preSolution
		HideSolutionNode = FALSE
	EndGlobalSection
	GlobalSection(ExtensibilityGlobals) = postSolution
		SolutionGuid = {C1F00C5E-7405-4B1B-9034-14A365D850BB}
	EndGlobalSection
EndGlobal
